
Microsoft Visual Studio Solution File, Format Version 12.00
# Visual Studio Version 17
VisualStudioVersion = 17.4.33110.190
MinimumVisualStudioVersion = 10.0.40219.1
Project("{FAE04EC0-301F-11D3-BF4B-00C04F79EFBC}") = "pr4", "pr4\pr4.csproj", "{462089FE-44CB-4A6B-8516-A9DD6C6B6339}"
EndProject
Global
	GlobalSection(SolutionConfigurationPlatforms) = preSolution
		Debug|Any CPU = Debug|Any CPU
		Release|Any CPU = Release|Any CPU
	EndGlobalSection
	GlobalSection(ProjectConfigurationPlatforms) = postSolution
		{462089FE-44CB-4A6B-8516-A9DD6C6B6339}.Debug|Any CPU.ActiveCfg = Debug|Any CPU
		{462089FE-44CB-4A6B-8516-A9DD6C6B6339}.Debug|Any CPU.Build.0 = Debug|Any CPU
		{462089FE-44CB-4A6B-8516-A9DD6C6B6339}.Release|Any CPU.ActiveCfg = Release|Any CPU
		{462089FE-44CB-4A6B-8516-A9DD6C6B6339}.Release|Any CPU.Build.0 = Release|Any CPU
	EndGlobalSection
	GlobalSection(SolutionProperties) = preSolution
		HideSolutionNode = FALSE
	EndGlobalSection
	GlobalSection(ExtensibilityGlobals) = postSolution
		SolutionGuid = {62504E62-AB37-4478-BF97-E96F3EEFE02D}
	EndGlobalSection
EndGlobal
